
Microsoft Visual Studio Solution File, Format Version 12.00
# Visual Studio Version 17
VisualStudioVersion = 17.1.32414.318
MinimumVisualStudioVersion = 10.0.40219.1
Project("{9A19103F-16F7-4668-BE54-9A1E7A4F7556}") = "Lab2", "Lab2\Lab2.csproj", "{0B1480F7-FC58-4895-B442-E5E100441DEA}"
EndProject
Project("{9A19103F-16F7-4668-BE54-9A1E7A4F7556}") = "Classes", "Classes\Classes.csproj", "{BFC118FD-0C6F-4448-83D5-AB47A6F35598}"
EndProject
Project("{9A19103F-16F7-4668-BE54-9A1E7A4F7556}") = "Lab1", "Lab1\Lab1.csproj", "{67A4C759-4A28-4B8B-9500-4AAB1CAC90E5}"
EndProject
Project("{FAE04EC0-301F-11D3-BF4B-00C04F79EFBC}") = "Tests", "Tests\Tests.csproj", "{C7D5F9D4-02E0-45C4-8D53-181E1932552A}"
EndProject
Global
	GlobalSection(SolutionConfigurationPlatforms) = preSolution
		Debug|Any CPU = Debug|Any CPU
		Release|Any CPU = Release|Any CPU
	EndGlobalSection
	GlobalSection(ProjectConfigurationPlatforms) = postSolution
		{0B1480F7-FC58-4895-B442-E5E100441DEA}.Debug|Any CPU.ActiveCfg = Debug|Any CPU
		{0B1480F7-FC58-4895-B442-E5E100441DEA}.Debug|Any CPU.Build.0 = Debug|Any CPU
		{0B1480F7-FC58-4895-B442-E5E100441DEA}.Release|Any CPU.ActiveCfg = Release|Any CPU
		{0B1480F7-FC58-4895-B442-E5E100441DEA}.Release|Any CPU.Build.0 = Release|Any CPU
		{BFC118FD-0C6F-4448-83D5-AB47A6F35598}.Debug|Any CPU.ActiveCfg = Debug|Any CPU
		{BFC118FD-0C6F-4448-83D5-AB47A6F35598}.Debug|Any CPU.Build.0 = Debug|Any CPU
		{BFC118FD-0C6F-4448-83D5-AB47A6F35598}.Release|Any CPU.ActiveCfg = Release|Any CPU
		{BFC118FD-0C6F-4448-83D5-AB47A6F35598}.Release|Any CPU.Build.0 = Release|Any CPU
		{67A4C759-4A28-4B8B-9500-4AAB1CAC90E5}.Debug|Any CPU.ActiveCfg = Debug|Any CPU
		{67A4C759-4A28-4B8B-9500-4AAB1CAC90E5}.Debug|Any CPU.Build.0 = Debug|Any CPU
		{67A4C759-4A28-4B8B-9500-4AAB1CAC90E5}.Release|Any CPU.ActiveCfg = Release|Any CPU
		{67A4C759-4A28-4B8B-9500-4AAB1CAC90E5}.Release|Any CPU.Build.0 = Release|Any CPU
		{C7D5F9D4-02E0-45C4-8D53-181E1932552A}.Debug|Any CPU.ActiveCfg = Debug|Any CPU
		{C7D5F9D4-02E0-45C4-8D53-181E1932552A}.Debug|Any CPU.Build.0 = Debug|Any CPU
		{C7D5F9D4-02E0-45C4-8D53-181E1932552A}.Release|Any CPU.ActiveCfg = Release|Any CPU
		{C7D5F9D4-02E0-45C4-8D53-181E1932552A}.Release|Any CPU.Build.0 = Release|Any CPU
	EndGlobalSection
	GlobalSection(SolutionProperties) = preSolution
		HideSolutionNode = FALSE
	EndGlobalSection
	GlobalSection(ExtensibilityGlobals) = postSolution
		SolutionGuid = {BC010916-26E2-4C36-A232-477DFFA2B3D5}
	EndGlobalSection
EndGlobal
