
Microsoft Visual Studio Solution File, Format Version 12.00
# Visual Studio Version 16
VisualStudioVersion = 16.0.31729.503
MinimumVisualStudioVersion = 10.0.40219.1
Project("{FAE04EC0-301F-11D3-BF4B-00C04F79EFBC}") = "Lab1", "Lab1\Lab1.csproj", "{1219B865-EC75-4DA6-94EF-062566585E0A}"
EndProject
Global
	GlobalSection(SolutionConfigurationPlatforms) = preSolution
		Debug|Any CPU = Debug|Any CPU
		Release|Any CPU = Release|Any CPU
	EndGlobalSection
	GlobalSection(ProjectConfigurationPlatforms) = postSolution
		{1219B865-EC75-4DA6-94EF-062566585E0A}.Debug|Any CPU.ActiveCfg = Debug|Any CPU
		{1219B865-EC75-4DA6-94EF-062566585E0A}.Debug|Any CPU.Build.0 = Debug|Any CPU
		{1219B865-EC75-4DA6-94EF-062566585E0A}.Release|Any CPU.ActiveCfg = Release|Any CPU
		{1219B865-EC75-4DA6-94EF-062566585E0A}.Release|Any CPU.Build.0 = Release|Any CPU
	EndGlobalSection
	GlobalSection(SolutionProperties) = preSolution
		HideSolutionNode = FALSE
	EndGlobalSection
	GlobalSection(ExtensibilityGlobals) = postSolution
		SolutionGuid = {BC010916-26E2-4C36-A232-477DFFA2B3D5}
	EndGlobalSection
EndGlobal
